<?xml version="1.0" encoding="UTF-8"?>

<Project ToolsVersion="15.0" xmlns="http://schemas.microsoft.com/developer/msbuild/2003">
  <ItemGroup>
    <Filter Include="s\Common">
      <UniqueIdentifier>{8DD7501B-010E-0713-AED9-BD8DD00A1B9E}</UniqueIdentifier>
    </Filter>
    <Filter Include="s\Components">
      <UniqueIdentifier>{3ECACE88-F838-098A-CF32-F9070E40EB4B}</UniqueIdentifier>
    </Filter>
    <Filter Include="s\Source">
      <UniqueIdentifier>{21FB6819-7AD1-7CB5-914D-ABEB3EB67DE8}</UniqueIdentifier>
    </Filter>
    <Filter Include="s">
      <UniqueIdentifier>{34236D7C-C488-70C5-46FE-8ED2DF8DE98A}</UniqueIdentifier>
    </Filter>
    <Filter Include="JUCE Library Code">
      <UniqueIdentifier>{7ED5A90E-41AF-A1EF-659B-37CEEAB9BA61}</UniqueIdentifier>
    </Filter>
  </ItemGroup>
  <ItemGroup>
    <ClCompile Include="..\..\Source\Components\Pixel.cpp">
      <Filter>s\Components</Filter>
    </ClCompile>
    <ClCompile Include="..\..\Source\Components\ValueTreeDebugger.cpp">
      <Filter>s\Components</Filter>
    </ClCompile>
    <ClCompile Include="..\..\Source\Components\ValueTreeEditor.cpp">
      <Filter>s\Components</Filter>
    </ClCompile>
    <ClCompile Include="..\..\Source\MainComponent.cpp">
      <Filter>s\Source</Filter>
    </ClCompile>
    <ClCompile Include="..\..\Source\Main.cpp">
      <Filter>s\Source</Filter>
    </ClCompile>
    <ClCompile Include="..\..\JuceLibraryCode\include_juce_audio_basics.cpp">
      <Filter>JUCE Library Code</Filter>
    </ClCompile>
    <ClCompile Include="..\..\JuceLibraryCode\include_juce_audio_devices.cpp">
      <Filter>JUCE Library Code</Filter>
    </ClCompile>
    <ClCompile Include="..\..\JuceLibraryCode\include_juce_audio_formats.cpp">
      <Filter>JUCE Library Code</Filter>
    </ClCompile>
    <ClCompile Include="..\..\JuceLibraryCode\include_juce_audio_processors.cpp">
      <Filter>JUCE Library Code</Filter>
    </ClCompile>
    <ClCompile Include="..\..\JuceLibraryCode\include_juce_core.cpp">
      <Filter>JUCE Library Code</Filter>
    </ClCompile>
    <ClCompile Include="..\..\JuceLibraryCode\include_juce_cryptography.cpp">
      <Filter>JUCE Library Code</Filter>
    </ClCompile>
    <ClCompile Include="..\..\JuceLibraryCode\include_juce_data_structures.cpp">
      <Filter>JUCE Library Code</Filter>
    </ClCompile>
    <ClCompile Include="..\..\JuceLibraryCode\include_juce_events.cpp">
      <Filter>JUCE Library Code</Filter>
    </ClCompile>
    <ClCompile Include="..\..\JuceLibraryCode\include_juce_graphics.cpp">
      <Filter>JUCE Library Code</Filter>
    </ClCompile>
    <ClCompile Include="..\..\JuceLibraryCode\include_juce_gui_basics.cpp">
      <Filter>JUCE Library Code</Filter>
    </ClCompile>
    <ClCompile Include="..\..\JuceLibraryCode\include_juce_gui_extra.cpp">
      <Filter>JUCE Library Code</Filter>
    </ClCompile>
    <ClCompile Include="..\..\JuceLibraryCode\include_juce_opengl.cpp">
      <Filter>JUCE Library Code</Filter>
    </ClCompile>
  </ItemGroup>
  <ItemGroup>
    <ClInclude Include="..\..\Source\Common\ComponentList.h">
      <Filter>s\Common</Filter>
    </ClInclude>
    <ClInclude Include="..\..\Source\Components\Pixel.h">
      <Filter>s\Components</Filter>
    </ClInclude>
    <ClInclude Include="..\..\Source\Components\ValueTreeDebugger.h">
      <Filter>s\Components</Filter>
    </ClInclude>
    <ClInclude Include="..\..\Source\Components\ValueTreeEditor.h">
      <Filter>s\Components</Filter>
    </ClInclude>
    <ClInclude Include="..\..\Source\MainComponent.h">
      <Filter>s\Source</Filter>
    </ClInclude>
    <ClInclude Include="..\..\JuceLibraryCode\AppConfig.h">
      <Filter>JUCE Library Code</Filter>
    </ClInclude>
    <ClInclude Include="..\..\JuceLibraryCode\JuceHeader.h">
      <Filter>JUCE Library Code</Filter>
    </ClInclude>
  </ItemGroup>
  <ItemGroup>
    <ResourceCompile Include=".\resources.rc">
      <Filter>JUCE Library Code</Filter>
    </ResourceCompile>
  </ItemGroup>
</Project>
